
Microsoft Visual Studio Solution File, Format Version 12.00
# Visual Studio Version 16
VisualStudioVersion = 16.0.30907.101
MinimumVisualStudioVersion = 10.0.40219.1
Project("{9A19103F-16F7-4668-BE54-9A1E7A4F7556}") = "KampIntro", "KampIntro\KampIntro.csproj", "{8E700D61-ABE6-42B5-A712-B0E70606A070}"
EndProject
Project("{9A19103F-16F7-4668-BE54-9A1E7A4F7556}") = "Donguler", "Donguler\Donguler.csproj", "{15231400-599E-4A13-BCE5-18817579C89B}"
EndProject
Project("{9A19103F-16F7-4668-BE54-9A1E7A4F7556}") = "ClassIntro", "ClassIntro\ClassIntro.csproj", "{2A093AAC-D39A-461B-B105-54AB5594BC91}"
EndProject
Project("{9A19103F-16F7-4668-BE54-9A1E7A4F7556}") = "Odev6", "Odev6\Odev6.csproj", "{50796B1E-BB53-4C50-807B-7D3AC59AFD65}"
EndProject
Project("{9A19103F-16F7-4668-BE54-9A1E7A4F7556}") = "Methods", "Methods\Methods.csproj", "{03305E49-4590-4CFF-B6C3-7404B58C6993}"
EndProject
Project("{9A19103F-16F7-4668-BE54-9A1E7A4F7556}") = "Matematik", "Matematik\Matematik.csproj", "{C548F4EA-46F4-4F1E-B485-B82EACDB637F}"
EndProject
Project("{FAE04EC0-301F-11D3-BF4B-00C04F79EFBC}") = "DegerVeReferansTipler", "DegerVeReferansTipler\DegerVeReferansTipler.csproj", "{A0C56CD3-CB74-4348-8DD2-54AEA4E2DABC}"
EndProject
Global
	GlobalSection(SolutionConfigurationPlatforms) = preSolution
		Debug|Any CPU = Debug|Any CPU
		Release|Any CPU = Release|Any CPU
	EndGlobalSection
	GlobalSection(ProjectConfigurationPlatforms) = postSolution
		{8E700D61-ABE6-42B5-A712-B0E70606A070}.Debug|Any CPU.ActiveCfg = Debug|Any CPU
		{8E700D61-ABE6-42B5-A712-B0E70606A070}.Debug|Any CPU.Build.0 = Debug|Any CPU
		{8E700D61-ABE6-42B5-A712-B0E70606A070}.Release|Any CPU.ActiveCfg = Release|Any CPU
		{8E700D61-ABE6-42B5-A712-B0E70606A070}.Release|Any CPU.Build.0 = Release|Any CPU
		{15231400-599E-4A13-BCE5-18817579C89B}.Debug|Any CPU.ActiveCfg = Debug|Any CPU
		{15231400-599E-4A13-BCE5-18817579C89B}.Debug|Any CPU.Build.0 = Debug|Any CPU
		{15231400-599E-4A13-BCE5-18817579C89B}.Release|Any CPU.ActiveCfg = Release|Any CPU
		{15231400-599E-4A13-BCE5-18817579C89B}.Release|Any CPU.Build.0 = Release|Any CPU
		{2A093AAC-D39A-461B-B105-54AB5594BC91}.Debug|Any CPU.ActiveCfg = Debug|Any CPU
		{2A093AAC-D39A-461B-B105-54AB5594BC91}.Debug|Any CPU.Build.0 = Debug|Any CPU
		{2A093AAC-D39A-461B-B105-54AB5594BC91}.Release|Any CPU.ActiveCfg = Release|Any CPU
		{2A093AAC-D39A-461B-B105-54AB5594BC91}.Release|Any CPU.Build.0 = Release|Any CPU
		{50796B1E-BB53-4C50-807B-7D3AC59AFD65}.Debug|Any CPU.ActiveCfg = Debug|Any CPU
		{50796B1E-BB53-4C50-807B-7D3AC59AFD65}.Debug|Any CPU.Build.0 = Debug|Any CPU
		{50796B1E-BB53-4C50-807B-7D3AC59AFD65}.Release|Any CPU.ActiveCfg = Release|Any CPU
		{50796B1E-BB53-4C50-807B-7D3AC59AFD65}.Release|Any CPU.Build.0 = Release|Any CPU
		{03305E49-4590-4CFF-B6C3-7404B58C6993}.Debug|Any CPU.ActiveCfg = Debug|Any CPU
		{03305E49-4590-4CFF-B6C3-7404B58C6993}.Debug|Any CPU.Build.0 = Debug|Any CPU
		{03305E49-4590-4CFF-B6C3-7404B58C6993}.Release|Any CPU.ActiveCfg = Release|Any CPU
		{03305E49-4590-4CFF-B6C3-7404B58C6993}.Release|Any CPU.Build.0 = Release|Any CPU
		{C548F4EA-46F4-4F1E-B485-B82EACDB637F}.Debug|Any CPU.ActiveCfg = Debug|Any CPU
		{C548F4EA-46F4-4F1E-B485-B82EACDB637F}.Debug|Any CPU.Build.0 = Debug|Any CPU
		{C548F4EA-46F4-4F1E-B485-B82EACDB637F}.Release|Any CPU.ActiveCfg = Release|Any CPU
		{C548F4EA-46F4-4F1E-B485-B82EACDB637F}.Release|Any CPU.Build.0 = Release|Any CPU
		{A0C56CD3-CB74-4348-8DD2-54AEA4E2DABC}.Debug|Any CPU.ActiveCfg = Debug|Any CPU
		{A0C56CD3-CB74-4348-8DD2-54AEA4E2DABC}.Debug|Any CPU.Build.0 = Debug|Any CPU
		{A0C56CD3-CB74-4348-8DD2-54AEA4E2DABC}.Release|Any CPU.ActiveCfg = Release|Any CPU
		{A0C56CD3-CB74-4348-8DD2-54AEA4E2DABC}.Release|Any CPU.Build.0 = Release|Any CPU
	EndGlobalSection
	GlobalSection(SolutionProperties) = preSolution
		HideSolutionNode = FALSE
	EndGlobalSection
	GlobalSection(ExtensibilityGlobals) = postSolution
		SolutionGuid = {EC8CB463-9AB1-4495-ACF4-974D7A09B261}
	EndGlobalSection
EndGlobal
