
Microsoft Visual Studio Solution File, Format Version 12.00
# Visual Studio Version 16
VisualStudioVersion = 16.0.30907.101
MinimumVisualStudioVersion = 10.0.40219.1
Project("{9A19103F-16F7-4668-BE54-9A1E7A4F7556}") = "KampIntro", "KampIntro\KampIntro.csproj", "{8E700D61-ABE6-42B5-A712-B0E70606A070}"
EndProject
Project("{9A19103F-16F7-4668-BE54-9A1E7A4F7556}") = "Donguler", "Donguler\Donguler.csproj", "{15231400-599E-4A13-BCE5-18817579C89B}"
EndProject
Project("{9A19103F-16F7-4668-BE54-9A1E7A4F7556}") = "ClassIntro", "ClassIntro\ClassIntro.csproj", "{2A093AAC-D39A-461B-B105-54AB5594BC91}"
EndProject
Project("{9A19103F-16F7-4668-BE54-9A1E7A4F7556}") = "Methods", "Methods\Methods.csproj", "{03305E49-4590-4CFF-B6C3-7404B58C6993}"
EndProject
Project("{9A19103F-16F7-4668-BE54-9A1E7A4F7556}") = "Matematik", "Matematik\Matematik.csproj", "{C548F4EA-46F4-4F1E-B485-B82EACDB637F}"
EndProject
Project("{9A19103F-16F7-4668-BE54-9A1E7A4F7556}") = "DegerVeReferansTipler", "DegerVeReferansTipler\DegerVeReferansTipler.csproj", "{A0C56CD3-CB74-4348-8DD2-54AEA4E2DABC}"
EndProject
Project("{9A19103F-16F7-4668-BE54-9A1E7A4F7556}") = "OOP1", "OOP1\OOP1.csproj", "{677E286F-9A9F-42BD-95D8-E18600711281}"
EndProject
Project("{9A19103F-16F7-4668-BE54-9A1E7A4F7556}") = "Collections", "Collections\Collections.csproj", "{C420E942-E6A4-47A3-AA95-B6D69876E3D4}"
EndProject
Project("{9A19103F-16F7-4668-BE54-9A1E7A4F7556}") = "GenericsIntro", "GenericsIntro\GenericsIntro.csproj", "{007C8A7D-7EB3-47F1-86A1-AEED9166667F}"
EndProject
Project("{9A19103F-16F7-4668-BE54-9A1E7A4F7556}") = "Dictionary", "Dictionary\Dictionary.csproj", "{34157019-6266-4AFF-B7B2-7D0E7C19C64C}"
EndProject
Project("{9A19103F-16F7-4668-BE54-9A1E7A4F7556}") = "OOP2", "OOP2\OOP2.csproj", "{FDE04392-2CB0-418C-B21F-7603D09778A1}"
EndProject
Project("{FAE04EC0-301F-11D3-BF4B-00C04F79EFBC}") = "OOP3", "OOP3\OOP3.csproj", "{D3F7DACB-34C0-421C-B27C-0BF19C04B577}"
EndProject
Global
	GlobalSection(SolutionConfigurationPlatforms) = preSolution
		Debug|Any CPU = Debug|Any CPU
		Release|Any CPU = Release|Any CPU
	EndGlobalSection
	GlobalSection(ProjectConfigurationPlatforms) = postSolution
		{8E700D61-ABE6-42B5-A712-B0E70606A070}.Debug|Any CPU.ActiveCfg = Debug|Any CPU
		{8E700D61-ABE6-42B5-A712-B0E70606A070}.Debug|Any CPU.Build.0 = Debug|Any CPU
		{8E700D61-ABE6-42B5-A712-B0E70606A070}.Release|Any CPU.ActiveCfg = Release|Any CPU
		{8E700D61-ABE6-42B5-A712-B0E70606A070}.Release|Any CPU.Build.0 = Release|Any CPU
		{15231400-599E-4A13-BCE5-18817579C89B}.Debug|Any CPU.ActiveCfg = Debug|Any CPU
		{15231400-599E-4A13-BCE5-18817579C89B}.Debug|Any CPU.Build.0 = Debug|Any CPU
		{15231400-599E-4A13-BCE5-18817579C89B}.Release|Any CPU.ActiveCfg = Release|Any CPU
		{15231400-599E-4A13-BCE5-18817579C89B}.Release|Any CPU.Build.0 = Release|Any CPU
		{2A093AAC-D39A-461B-B105-54AB5594BC91}.Debug|Any CPU.ActiveCfg = Debug|Any CPU
		{2A093AAC-D39A-461B-B105-54AB5594BC91}.Debug|Any CPU.Build.0 = Debug|Any CPU
		{2A093AAC-D39A-461B-B105-54AB5594BC91}.Release|Any CPU.ActiveCfg = Release|Any CPU
		{2A093AAC-D39A-461B-B105-54AB5594BC91}.Release|Any CPU.Build.0 = Release|Any CPU
		{03305E49-4590-4CFF-B6C3-7404B58C6993}.Debug|Any CPU.ActiveCfg = Debug|Any CPU
		{03305E49-4590-4CFF-B6C3-7404B58C6993}.Debug|Any CPU.Build.0 = Debug|Any CPU
		{03305E49-4590-4CFF-B6C3-7404B58C6993}.Release|Any CPU.ActiveCfg = Release|Any CPU
		{03305E49-4590-4CFF-B6C3-7404B58C6993}.Release|Any CPU.Build.0 = Release|Any CPU
		{C548F4EA-46F4-4F1E-B485-B82EACDB637F}.Debug|Any CPU.ActiveCfg = Debug|Any CPU
		{C548F4EA-46F4-4F1E-B485-B82EACDB637F}.Debug|Any CPU.Build.0 = Debug|Any CPU
		{C548F4EA-46F4-4F1E-B485-B82EACDB637F}.Release|Any CPU.ActiveCfg = Release|Any CPU
		{C548F4EA-46F4-4F1E-B485-B82EACDB637F}.Release|Any CPU.Build.0 = Release|Any CPU
		{A0C56CD3-CB74-4348-8DD2-54AEA4E2DABC}.Debug|Any CPU.ActiveCfg = Debug|Any CPU
		{A0C56CD3-CB74-4348-8DD2-54AEA4E2DABC}.Debug|Any CPU.Build.0 = Debug|Any CPU
		{A0C56CD3-CB74-4348-8DD2-54AEA4E2DABC}.Release|Any CPU.ActiveCfg = Release|Any CPU
		{A0C56CD3-CB74-4348-8DD2-54AEA4E2DABC}.Release|Any CPU.Build.0 = Release|Any CPU
		{677E286F-9A9F-42BD-95D8-E18600711281}.Debug|Any CPU.ActiveCfg = Debug|Any CPU
		{677E286F-9A9F-42BD-95D8-E18600711281}.Debug|Any CPU.Build.0 = Debug|Any CPU
		{677E286F-9A9F-42BD-95D8-E18600711281}.Release|Any CPU.ActiveCfg = Release|Any CPU
		{677E286F-9A9F-42BD-95D8-E18600711281}.Release|Any CPU.Build.0 = Release|Any CPU
		{C420E942-E6A4-47A3-AA95-B6D69876E3D4}.Debug|Any CPU.ActiveCfg = Debug|Any CPU
		{C420E942-E6A4-47A3-AA95-B6D69876E3D4}.Debug|Any CPU.Build.0 = Debug|Any CPU
		{C420E942-E6A4-47A3-AA95-B6D69876E3D4}.Release|Any CPU.ActiveCfg = Release|Any CPU
		{C420E942-E6A4-47A3-AA95-B6D69876E3D4}.Release|Any CPU.Build.0 = Release|Any CPU
		{007C8A7D-7EB3-47F1-86A1-AEED9166667F}.Debug|Any CPU.ActiveCfg = Debug|Any CPU
		{007C8A7D-7EB3-47F1-86A1-AEED9166667F}.Debug|Any CPU.Build.0 = Debug|Any CPU
		{007C8A7D-7EB3-47F1-86A1-AEED9166667F}.Release|Any CPU.ActiveCfg = Release|Any CPU
		{007C8A7D-7EB3-47F1-86A1-AEED9166667F}.Release|Any CPU.Build.0 = Release|Any CPU
		{34157019-6266-4AFF-B7B2-7D0E7C19C64C}.Debug|Any CPU.ActiveCfg = Debug|Any CPU
		{34157019-6266-4AFF-B7B2-7D0E7C19C64C}.Debug|Any CPU.Build.0 = Debug|Any CPU
		{34157019-6266-4AFF-B7B2-7D0E7C19C64C}.Release|Any CPU.ActiveCfg = Release|Any CPU
		{34157019-6266-4AFF-B7B2-7D0E7C19C64C}.Release|Any CPU.Build.0 = Release|Any CPU
		{FDE04392-2CB0-418C-B21F-7603D09778A1}.Debug|Any CPU.ActiveCfg = Debug|Any CPU
		{FDE04392-2CB0-418C-B21F-7603D09778A1}.Debug|Any CPU.Build.0 = Debug|Any CPU
		{FDE04392-2CB0-418C-B21F-7603D09778A1}.Release|Any CPU.ActiveCfg = Release|Any CPU
		{FDE04392-2CB0-418C-B21F-7603D09778A1}.Release|Any CPU.Build.0 = Release|Any CPU
		{D3F7DACB-34C0-421C-B27C-0BF19C04B577}.Debug|Any CPU.ActiveCfg = Debug|Any CPU
		{D3F7DACB-34C0-421C-B27C-0BF19C04B577}.Debug|Any CPU.Build.0 = Debug|Any CPU
		{D3F7DACB-34C0-421C-B27C-0BF19C04B577}.Release|Any CPU.ActiveCfg = Release|Any CPU
		{D3F7DACB-34C0-421C-B27C-0BF19C04B577}.Release|Any CPU.Build.0 = Release|Any CPU
	EndGlobalSection
	GlobalSection(SolutionProperties) = preSolution
		HideSolutionNode = FALSE
	EndGlobalSection
	GlobalSection(ExtensibilityGlobals) = postSolution
		SolutionGuid = {EC8CB463-9AB1-4495-ACF4-974D7A09B261}
	EndGlobalSection
EndGlobal
